{
  "nodes": {
    "nixpkgs": {
      "locked": {
        "lastModified": 1679139072,
        "narHash": "sha256-Gtw2Yj8DfETie3u7iHv1y5Wt+plGRmp6nTQ0EEfaPho=",
        "owner": "NixOS",
        "repo": "nixpkgs",
        "rev": "08ef7dc8334521605a5c8b7086cc248e74ee338b",
        "type": "github"
      },
      "original": {
        "owner": "NixOS",
        "ref": "nixos-22.11",
        "repo": "nixpkgs",
        "type": "github"
      }
    },
    "nixpkgs-stable": {
      "locked": {
        "lastModified": 1679163677,
        "narHash": "sha256-VC0tc3EjJZFPXgucFQAYMIHce5nJWYR0kVCk4TVg6gg=",
        "owner": "NixOS",
        "repo": "nixpkgs",
        "rev": "c3912035d00ef755ab19394488b41feab95d2e40",
        "type": "github"
      },
      "original": {
        "owner": "NixOS",
        "ref": "release-22.11",
        "repo": "nixpkgs",
        "type": "github"
      }
    },
    "root": {
      "inputs": {
        "nixpkgs": "nixpkgs",
        "sops-nix": "sops-nix"
      }
    },
    "sops-nix": {
      "inputs": {
        "nixpkgs": [
          "nixpkgs"
        ],
        "nixpkgs-stable": "nixpkgs-stable"
      },
      "locked": {
        "lastModified": 1679194991,
        "narHash": "sha256-SSJ/NvhXJeDzSgfEjKO1V/2olI4UlEAxK54DVWJIPjA=",
        "owner": "mic92",
        "repo": "sops-nix",
        "rev": "08a0b5f25a73130869b3cc375eaf0e6ff317435e",
        "type": "github"
      },
      "original": {
        "owner": "mic92",
        "repo": "sops-nix",
        "type": "github"
      }
    }
  },
  "root": "root",
  "version": 7
}
