{
  "nodes": {
    "nixpkgs": {
      "locked": {
        "lastModified": 1659219666,
        "narHash": "sha256-pzYr5fokQPHv7CmUXioOhhzDy/XyWOIXP4LZvv/T7Mk=",
        "owner": "NixOS",
        "repo": "nixpkgs",
        "rev": "7b9be38c7250b22d829ab6effdee90d5e40c6e5c",
        "type": "github"
      },
      "original": {
        "owner": "NixOS",
        "ref": "nixos-unstable",
        "repo": "nixpkgs",
        "type": "github"
      }
    },
    "nixpkgs-22_05": {
      "locked": {
        "lastModified": 1659228671,
        "narHash": "sha256-fraIjyAthUgoeDUF14tFeszKFPqaGnlc2qxczHbAmec=",
        "owner": "NixOS",
        "repo": "nixpkgs",
        "rev": "a26a6f4529878fbfe5f1f287dcdff4a287c58def",
        "type": "github"
      },
      "original": {
        "owner": "NixOS",
        "ref": "release-22.05",
        "repo": "nixpkgs",
        "type": "github"
      }
    },
    "root": {
      "inputs": {
        "nixpkgs": "nixpkgs",
        "sops-nix": "sops-nix"
      }
    },
    "sops-nix": {
      "inputs": {
        "nixpkgs": [
          "nixpkgs"
        ],
        "nixpkgs-22_05": "nixpkgs-22_05"
      },
      "locked": {
        "lastModified": 1659441021,
        "narHash": "sha256-J2C83bo1mHcdfzxk8S3rE8iqNZM2AlPUGqftdhbm5Zk=",
        "owner": "mic92",
        "repo": "sops-nix",
        "rev": "34ee98b8c2ca153a23a63c1841a0a067313856d5",
        "type": "github"
      },
      "original": {
        "owner": "mic92",
        "repo": "sops-nix",
        "type": "github"
      }
    }
  },
  "root": "root",
  "version": 7
}
